
Microsoft Visual Studio Solution File, Format Version 12.00
# Visual Studio Version 17
VisualStudioVersion = 17.7.34031.279
MinimumVisualStudioVersion = 10.0.40219.1
Project("{FAE04EC0-301F-11D3-BF4B-00C04F79EFBC}") = "Mundo Infinito", "Mundo Infinito.csproj", "{A04F8B4F-952C-4778-BE59-7A2950FD3AC8}"
EndProject
Global
	GlobalSection(SolutionConfigurationPlatforms) = preSolution
		Debug|Any CPU = Debug|Any CPU
		Release|Any CPU = Release|Any CPU
	EndGlobalSection
	GlobalSection(ProjectConfigurationPlatforms) = postSolution
		{A04F8B4F-952C-4778-BE59-7A2950FD3AC8}.Debug|Any CPU.ActiveCfg = Debug|Any CPU
		{A04F8B4F-952C-4778-BE59-7A2950FD3AC8}.Debug|Any CPU.Build.0 = Debug|Any CPU
		{A04F8B4F-952C-4778-BE59-7A2950FD3AC8}.Release|Any CPU.ActiveCfg = Release|Any CPU
		{A04F8B4F-952C-4778-BE59-7A2950FD3AC8}.Release|Any CPU.Build.0 = Release|Any CPU
	EndGlobalSection
	GlobalSection(SolutionProperties) = preSolution
		HideSolutionNode = FALSE
	EndGlobalSection
	GlobalSection(ExtensibilityGlobals) = postSolution
		SolutionGuid = {E322D79F-B18C-410D-B83A-2167990E051B}
	EndGlobalSection
EndGlobal
